// !$*UTF8*$!
{
	archiveVersion = 1;
	classes = {
	};
	objectVersion = 46;
	objects = {

/* Begin PBXBuildFile section */
		22828A069A4AD2445B03B7A7 /* Pods_BYKitDemo.framework in Frameworks */ = {isa = PBXBuildFile; fileRef = 9121492616603162EAD75B4B /* Pods_BYKitDemo.framework */; settings = {ATTRIBUTES = (Weak, ); }; };
		4C896FD91CCDDBDF0068149B /* main.m in Sources */ = {isa = PBXBuildFile; fileRef = 4C896FD81CCDDBDF0068149B /* main.m */; };
		4C896FDC1CCDDBDF0068149B /* AppDelegate.m in Sources */ = {isa = PBXBuildFile; fileRef = 4C896FDB1CCDDBDF0068149B /* AppDelegate.m */; };
		4C896FDF1CCDDBDF0068149B /* ViewController.m in Sources */ = {isa = PBXBuildFile; fileRef = 4C896FDE1CCDDBDF0068149B /* ViewController.m */; };
		4C896FE21CCDDBDF0068149B /* Main.storyboard in Resources */ = {isa = PBXBuildFile; fileRef = 4C896FE01CCDDBDF0068149B /* Main.storyboard */; };
		4C896FE41CCDDBDF0068149B /* Assets.xcassets in Resources */ = {isa = PBXBuildFile; fileRef = 4C896FE31CCDDBDF0068149B /* Assets.xcassets */; };
		4C896FE71CCDDBDF0068149B /* LaunchScreen.storyboard in Resources */ = {isa = PBXBuildFile; fileRef = 4C896FE51CCDDBDF0068149B /* LaunchScreen.storyboard */; };
/* End PBXBuildFile section */

/* Begin PBXFileReference section */
		4C896FD41CCDDBDF0068149B /* BYKitDemo.app */ = {isa = PBXFileReference; explicitFileType = wrapper.application; includeInIndex = 0; path = BYKitDemo.app; sourceTree = BUILT_PRODUCTS_DIR; };
		4C896FD81CCDDBDF0068149B /* main.m */ = {isa = PBXFileReference; lastKnownFileType = sourcecode.c.objc; path = main.m; sourceTree = "<group>"; };
		4C896FDA1CCDDBDF0068149B /* AppDelegate.h */ = {isa = PBXFileReference; lastKnownFileType = sourcecode.c.h; path = AppDelegate.h; sourceTree = "<group>"; };
		4C896FDB1CCDDBDF0068149B /* AppDelegate.m */ = {isa = PBXFileReference; lastKnownFileType = sourcecode.c.objc; path = AppDelegate.m; sourceTree = "<group>"; };
		4C896FDD1CCDDBDF0068149B /* ViewController.h */ = {isa = PBXFileReference; lastKnownFileType = sourcecode.c.h; path = ViewController.h; sourceTree = "<group>"; };
		4C896FDE1CCDDBDF0068149B /* ViewController.m */ = {isa = PBXFileReference; lastKnownFileType = sourcecode.c.objc; path = ViewController.m; sourceTree = "<group>"; };
		4C896FE11CCDDBDF0068149B /* Base */ = {isa = PBXFileReference; lastKnownFileType = file.storyboard; name = Base; path = Base.lproj/Main.storyboard; sourceTree = "<group>"; };
		4C896FE31CCDDBDF0068149B /* Assets.xcassets */ = {isa = PBXFileReference; lastKnownFileType = folder.assetcatalog; path = Assets.xcassets; sourceTree = "<group>"; };
		4C896FE61CCDDBDF0068149B /* Base */ = {isa = PBXFileReference; lastKnownFileType = file.storyboard; name = Base; path = Base.lproj/LaunchScreen.storyboard; sourceTree = "<group>"; };
		4C896FE81CCDDBDF0068149B /* Info.plist */ = {isa = PBXFileReference; lastKnownFileType = text.plist.xml; path = Info.plist; sourceTree = "<group>"; };
		9121492616603162EAD75B4B /* Pods_BYKitDemo.framework */ = {isa = PBXFileReference; explicitFileType = wrapper.framework; includeInIndex = 0; path = Pods_BYKitDemo.framework; sourceTree = BUILT_PRODUCTS_DIR; };
		B8D63AECD8FEFFD973DAC8A4 /* Pods-BYKitDemo.release.xcconfig */ = {isa = PBXFileReference; includeInIndex = 1; lastKnownFileType = text.xcconfig; name = "Pods-BYKitDemo.release.xcconfig"; path = "Pods/Target Support Files/Pods-BYKitDemo/Pods-BYKitDemo.release.xcconfig"; sourceTree = "<group>"; };
		E33A85377E0E164C7BE5FB66 /* Pods-BYKitDemo.debug.xcconfig */ = {isa = PBXFileReference; includeInIndex = 1; lastKnownFileType = text.xcconfig; name = "Pods-BYKitDemo.debug.xcconfig"; path = "Pods/Target Support Files/Pods-BYKitDemo/Pods-BYKitDemo.debug.xcconfig"; sourceTree = "<group>"; };
/* End PBXFileReference section */

/* Begin PBXFrameworksBuildPhase section */
		4C896FD11CCDDBDF0068149B /* Frameworks */ = {
			isa = PBXFrameworksBuildPhase;
			buildActionMask = 2147483647;
			files = (
				22828A069A4AD2445B03B7A7 /* Pods_BYKitDemo.framework in Frameworks */,
			);
			runOnlyForDeploymentPostprocessing = 0;
		};
/* End PBXFrameworksBuildPhase section */

/* Begin PBXGroup section */
		18E76BE56C126A22F3E2FB60 /* Frameworks */ = {
			isa = PBXGroup;
			children = (
				9121492616603162EAD75B4B /* Pods_BYKitDemo.framework */,
			);
			name = Frameworks;
			sourceTree = "<group>";
		};
		4C896FCB1CCDDBDF0068149B = {
			isa = PBXGroup;
			children = (
				4C896FD61CCDDBDF0068149B /* BYKitDemo */,
				4C896FD51CCDDBDF0068149B /* Products */,
				B675EC136F3FF092FF12F644 /* Pods */,
				18E76BE56C126A22F3E2FB60 /* Frameworks */,
			);
			sourceTree = "<group>";
		};
		4C896FD51CCDDBDF0068149B /* Products */ = {
			isa = PBXGroup;
			children = (
				4C896FD41CCDDBDF0068149B /* BYKitDemo.app */,
			);
			name = Products;
			sourceTree = "<group>";
		};
		4C896FD61CCDDBDF0068149B /* BYKitDemo */ = {
			isa = PBXGroup;
			children = (
				4C896FDA1CCDDBDF0068149B /* AppDelegate.h */,
				4C896FDB1CCDDBDF0068149B /* AppDelegate.m */,
				4C896FDD1CCDDBDF0068149B /* ViewController.h */,
				4C896FDE1CCDDBDF0068149B /* ViewController.m */,
				4C896FE01CCDDBDF0068149B /* Main.storyboard */,
				4C896FE31CCDDBDF0068149B /* Assets.xcassets */,
				4C896FE51CCDDBDF0068149B /* LaunchScreen.storyboard */,
				4C896FE81CCDDBDF0068149B /* Info.plist */,
				4C896FD71CCDDBDF0068149B /* Supporting Files */,
			);
			path = BYKitDemo;
			sourceTree = "<group>";
		};
		4C896FD71CCDDBDF0068149B /* Supporting Files */ = {
			isa = PBXGroup;
			children = (
				4C896FD81CCDDBDF0068149B /* main.m */,
			);
			name = "Supporting Files";
			sourceTree = "<group>";
		};
		B675EC136F3FF092FF12F644 /* Pods */ = {
			isa = PBXGroup;
			children = (
				E33A85377E0E164C7BE5FB66 /* Pods-BYKitDemo.debug.xcconfig */,
				B8D63AECD8FEFFD973DAC8A4 /* Pods-BYKitDemo.release.xcconfig */,
			);
			name = Pods;
			sourceTree = "<group>";
		};
/* End PBXGroup section */

/* Begin PBXNativeTarget section */
		4C896FD31CCDDBDF0068149B /* BYKitDemo */ = {
			isa = PBXNativeTarget;
			buildConfigurationList = 4C896FEB1CCDDBDF0068149B /* Build configuration list for PBXNativeTarget "BYKitDemo" */;
			buildPhases = (
				CA2F0C8F7655933E238E66E9 /* Check Pods Manifest.lock */,
				4C896FD01CCDDBDF0068149B /* Sources */,
				4C896FD11CCDDBDF0068149B /* Frameworks */,
				4C896FD21CCDDBDF0068149B /* Resources */,
				96E00A3596A1C111F4C5780A /* Embed Pods Frameworks */,
				22AB4F4B5887554B44E37F9C /* Copy Pods Resources */,
			);
			buildRules = (
			);
			dependencies = (
			);
			name = BYKitDemo;
			productName = BYKitDemo;
			productReference = 4C896FD41CCDDBDF0068149B /* BYKitDemo.app */;
			productType = "com.apple.product-type.application";
		};
/* End PBXNativeTarget section */

/* Begin PBXProject section */
		4C896FCC1CCDDBDF0068149B /* Project object */ = {
			isa = PBXProject;
			attributes = {
				LastUpgradeCheck = 0730;
				ORGANIZATIONNAME = BarryLee;
				TargetAttributes = {
					4C896FD31CCDDBDF0068149B = {
						CreatedOnToolsVersion = 7.3;
					};
				};
			};
			buildConfigurationList = 4C896FCF1CCDDBDF0068149B /* Build configuration list for PBXProject "BYKitDemo" */;
			compatibilityVersion = "Xcode 3.2";
			developmentRegion = English;
			hasScannedForEncodings = 0;
			knownRegions = (
				en,
				Base,
			);
			mainGroup = 4C896FCB1CCDDBDF0068149B;
			productRefGroup = 4C896FD51CCDDBDF0068149B /* Products */;
			projectDirPath = "";
			projectRoot = "";
			targets = (
				4C896FD31CCDDBDF0068149B /* BYKitDemo */,
			);
		};
/* End PBXProject section */

/* Begin PBXResourcesBuildPhase section */
		4C896FD21CCDDBDF0068149B /* Resources */ = {
			isa = PBXResourcesBuildPhase;
			buildActionMask = 2147483647;
			files = (
				4C896FE71CCDDBDF0068149B /* LaunchScreen.storyboard in Resources */,
				4C896FE41CCDDBDF0068149B /* Assets.xcassets in Resources */,
				4C896FE21CCDDBDF0068149B /* Main.storyboard in Resources */,
			);
			runOnlyForDeploymentPostprocessing = 0;
		};
/* End PBXResourcesBuildPhase section */

/* Begin PBXShellScriptBuildPhase section */
		22AB4F4B5887554B44E37F9C /* Copy Pods Resources */ = {
			isa = PBXShellScriptBuildPhase;
			buildActionMask = 2147483647;
			files = (
			);
			inputPaths = (
			);
			name = "Copy Pods Resources";
			outputPaths = (
			);
			runOnlyForDeploymentPostprocessing = 0;
			shellPath = /bin/sh;
			shellScript = "\"${SRCROOT}/Pods/Target Support Files/Pods-BYKitDemo/Pods-BYKitDemo-resources.sh\"\n";
			showEnvVarsInLog = 0;
		};
		96E00A3596A1C111F4C5780A /* Embed Pods Frameworks */ = {
			isa = PBXShellScriptBuildPhase;
			buildActionMask = 2147483647;
			files = (
			);
			inputPaths = (
			);
			name = "Embed Pods Frameworks";
			outputPaths = (
			);
			runOnlyForDeploymentPostprocessing = 0;
			shellPath = /bin/sh;
			shellScript = "\"${SRCROOT}/Pods/Target Support Files/Pods-BYKitDemo/Pods-BYKitDemo-frameworks.sh\"\n";
			showEnvVarsInLog = 0;
		};
		CA2F0C8F7655933E238E66E9 /* Check Pods Manifest.lock */ = {
			isa = PBXShellScriptBuildPhase;
			buildActionMask = 2147483647;
			files = (
			);
			inputPaths = (
			);
			name = "Check Pods Manifest.lock";
			outputPaths = (
			);
			runOnlyForDeploymentPostprocessing = 0;
			shellPath = /bin/sh;
			shellScript = "diff \"${PODS_ROOT}/../Podfile.lock\" \"${PODS_ROOT}/Manifest.lock\" > /dev/null\nif [[ $? != 0 ]] ; then\n    cat << EOM\nerror: The sandbox is not in sync with the Podfile.lock. Run 'pod install' or update your CocoaPods installation.\nEOM\n    exit 1\nfi\n";
			showEnvVarsInLog = 0;
		};
/* End PBXShellScriptBuildPhase section */

/* Begin PBXSourcesBuildPhase section */
		4C896FD01CCDDBDF0068149B /* Sources */ = {
			isa = PBXSourcesBuildPhase;
			buildActionMask = 2147483647;
			files = (
				4C896FDF1CCDDBDF0068149B /* ViewController.m in Sources */,
				4C896FDC1CCDDBDF0068149B /* AppDelegate.m in Sources */,
				4C896FD91CCDDBDF0068149B /* main.m in Sources */,
			);
			runOnlyForDeploymentPostprocessing = 0;
		};
/* End PBXSourcesBuildPhase section */

/* Begin PBXVariantGroup section */
		4C896FE01CCDDBDF0068149B /* Main.storyboard */ = {
			isa = PBXVariantGroup;
			children = (
				4C896FE11CCDDBDF0068149B /* Base */,
			);
			name = Main.storyboard;
			sourceTree = "<group>";
		};
		4C896FE51CCDDBDF0068149B /* LaunchScreen.storyboard */ = {
			isa = PBXVariantGroup;
			children = (
				4C896FE61CCDDBDF0068149B /* Base */,
			);
			name = LaunchScreen.storyboard;
			sourceTree = "<group>";
		};
/* End PBXVariantGroup section */

/* Begin XCBuildConfiguration section */
		4C896FE91CCDDBDF0068149B /* Debug */ = {
			isa = XCBuildConfiguration;
			buildSettings = {
				ALWAYS_SEARCH_USER_PATHS = NO;
				CLANG_ANALYZER_NONNULL = YES;
				CLANG_CXX_LANGUAGE_STANDARD = "gnu++0x";
				CLANG_CXX_LIBRARY = "libc++";
				CLANG_ENABLE_MODULES = YES;
				CLANG_ENABLE_OBJC_ARC = YES;
				CLANG_WARN_BOOL_CONVERSION = YES;
				CLANG_WARN_CONSTANT_CONVERSION = YES;
				CLANG_WARN_DIRECT_OBJC_ISA_USAGE = YES_ERROR;
				CLANG_WARN_EMPTY_BODY = YES;
				CLANG_WARN_ENUM_CONVERSION = YES;
				CLANG_WARN_INT_CONVERSION = YES;
				CLANG_WARN_OBJC_ROOT_CLASS = YES_ERROR;
				CLANG_WARN_UNREACHABLE_CODE = YES;
				CLANG_WARN__DUPLICATE_METHOD_MATCH = YES;
				"CODE_SIGN_IDENTITY[sdk=iphoneos*]" = "iPhone Developer";
				COPY_PHASE_STRIP = NO;
				DEBUG_INFORMATION_FORMAT = dwarf;
				ENABLE_STRICT_OBJC_MSGSEND = YES;
				ENABLE_TESTABILITY = YES;
				GCC_C_LANGUAGE_STANDARD = gnu99;
				GCC_DYNAMIC_NO_PIC = NO;
				GCC_NO_COMMON_BLOCKS = YES;
				GCC_OPTIMIZATION_LEVEL = 0;
				GCC_PREPROCESSOR_DEFINITIONS = (
					"DEBUG=1",
					"$(inherited)",
				);
				GCC_WARN_64_TO_32_BIT_CONVERSION = YES;
				GCC_WARN_ABOUT_RETURN_TYPE = YES_ERROR;
				GCC_WARN_UNDECLARED_SELECTOR = YES;
				GCC_WARN_UNINITIALIZED_AUTOS = YES_AGGRESSIVE;
				GCC_WARN_UNUSED_FUNCTION = YES;
				GCC_WARN_UNUSED_VARIABLE = YES;
				IPHONEOS_DEPLOYMENT_TARGET = 9.3;
				MTL_ENABLE_DEBUG_INFO = YES;
				ONLY_ACTIVE_ARCH = YES;
				SDKROOT = iphoneos;
			};
			name = Debug;
		};
		4C896FEA1CCDDBDF0068149B /* Release */ = {
			isa = XCBuildConfiguration;
			buildSettings = {
				ALWAYS_SEARCH_USER_PATHS = NO;
				CLANG_ANALYZER_NONNULL = YES;
				CLANG_CXX_LANGUAGE_STANDARD = "gnu++0x";
				CLANG_CXX_LIBRARY = "libc++";
				CLANG_ENABLE_MODULES = YES;
				CLANG_ENABLE_OBJC_ARC = YES;
				CLANG_WARN_BOOL_CONVERSION = YES;
				CLANG_WARN_CONSTANT_CONVERSION = YES;
				CLANG_WARN_DIRECT_OBJC_ISA_USAGE = YES_ERROR;
				CLANG_WARN_EMPTY_BODY = YES;
				CLANG_WARN_ENUM_CONVERSION = YES;
				CLANG_WARN_INT_CONVERSION = YES;
				CLANG_WARN_OBJC_ROOT_CLASS = YES_ERROR;
				CLANG_WARN_UNREACHABLE_CODE = YES;
				CLANG_WARN__DUPLICATE_METHOD_MATCH = YES;
				"CODE_SIGN_IDENTITY[sdk=iphoneos*]" = "iPhone Developer";
				COPY_PHASE_STRIP = NO;
				DEBUG_INFORMATION_FORMAT = "dwarf-with-dsym";
				ENABLE_NS_ASSERTIONS = NO;
				ENABLE_STRICT_OBJC_MSGSEND = YES;
				GCC_C_LANGUAGE_STANDARD = gnu99;
				GCC_NO_COMMON_BLOCKS = YES;
				GCC_WARN_64_TO_32_BIT_CONVERSION = YES;
				GCC_WARN_ABOUT_RETURN_TYPE = YES_ERROR;
				GCC_WARN_UNDECLARED_SELECTOR = YES;
				GCC_WARN_UNINITIALIZED_AUTOS = YES_AGGRESSIVE;
				GCC_WARN_UNUSED_FUNCTION = YES;
				GCC_WARN_UNUSED_VARIABLE = YES;
				IPHONEOS_DEPLOYMENT_TARGET = 9.3;
				MTL_ENABLE_DEBUG_INFO = NO;
				SDKROOT = iphoneos;
				VALIDATE_PRODUCT = YES;
			};
			name = Release;
		};
		4C896FEC1CCDDBDF0068149B /* Debug */ = {
			isa = XCBuildConfiguration;
			baseConfigurationReference = E33A85377E0E164C7BE5FB66 /* Pods-BYKitDemo.debug.xcconfig */;
			buildSettings = {
				ASSETCATALOG_COMPILER_APPICON_NAME = AppIcon;
				CODE_SIGN_IDENTITY = "iPhone Developer";
				INFOPLIST_FILE = BYKitDemo/Info.plist;
				IPHONEOS_DEPLOYMENT_TARGET = 6.0;
				LD_RUNPATH_SEARCH_PATHS = "$(inherited) @executable_path/Frameworks";
				PRODUCT_BUNDLE_IDENTIFIER = com.BarryLee.BYKitDemo;
				PRODUCT_NAME = "$(TARGET_NAME)";
			};
			name = Debug;
		};
		4C896FED1CCDDBDF0068149B /* Release */ = {
			isa = XCBuildConfiguration;
			baseConfigurationReference = B8D63AECD8FEFFD973DAC8A4 /* Pods-BYKitDemo.release.xcconfig */;
			buildSettings = {
				ASSETCATALOG_COMPILER_APPICON_NAME = AppIcon;
				CODE_SIGN_IDENTITY = "iPhone Developer";
				INFOPLIST_FILE = BYKitDemo/Info.plist;
				IPHONEOS_DEPLOYMENT_TARGET = 6.0;
				LD_RUNPATH_SEARCH_PATHS = "$(inherited) @executable_path/Frameworks";
				PRODUCT_BUNDLE_IDENTIFIER = com.BarryLee.BYKitDemo;
				PRODUCT_NAME = "$(TARGET_NAME)";
			};
			name = Release;
		};
/* End XCBuildConfiguration section */

/* Begin XCConfigurationList section */
		4C896FCF1CCDDBDF0068149B /* Build configuration list for PBXProject "BYKitDemo" */ = {
			isa = XCConfigurationList;
			buildConfigurations = (
				4C896FE91CCDDBDF0068149B /* Debug */,
				4C896FEA1CCDDBDF0068149B /* Release */,
			);
			defaultConfigurationIsVisible = 0;
			defaultConfigurationName = Release;
		};
		4C896FEB1CCDDBDF0068149B /* Build configuration list for PBXNativeTarget "BYKitDemo" */ = {
			isa = XCConfigurationList;
			buildConfigurations = (
				4C896FEC1CCDDBDF0068149B /* Debug */,
				4C896FED1CCDDBDF0068149B /* Release */,
			);
			defaultConfigurationIsVisible = 0;
			defaultConfigurationName = Release;
		};
/* End XCConfigurationList section */
	};
	rootObject = 4C896FCC1CCDDBDF0068149B /* Project object */;
}
